
Microsoft Visual Studio Solution File, Format Version 12.00
# Visual Studio Version 17
VisualStudioVersion = 17.13.35931.197
MinimumVisualStudioVersion = 10.0.40219.1
Project("{2150E333-8FDC-42A3-9474-1A3956D46DE8}") = "Services", "Services", "{02EA681E-C7D8-13C7-8484-4AC65E1B71E8}"
EndProject
Project("{2150E333-8FDC-42A3-9474-1A3956D46DE8}") = "Catalog", "Catalog", "{62189ED2-1D1D-4DAA-82A1-9D16A3B03D81}"
EndProject
Project("{FAE04EC0-301F-11D3-BF4B-00C04F79EFBC}") = "Catalog.API", "Services\Catalog\Catalog.API\Catalog.API.csproj", "{F094A13D-8426-4641-B274-6674E02AE06B}"
EndProject
Project("{2150E333-8FDC-42A3-9474-1A3956D46DE8}") = "BuildingBlocks", "BuildingBlocks", "{FE2318D3-EC76-43FA-8A79-5FD1CD2702B9}"
EndProject
Project("{FAE04EC0-301F-11D3-BF4B-00C04F79EFBC}") = "BuildingBlocks", "BuildingBlocks\BuildingBlocks.csproj", "{9ADFAA0C-882A-456A-B95F-715B386CCB34}"
EndProject
Global
	GlobalSection(SolutionConfigurationPlatforms) = preSolution
		Debug|Any CPU = Debug|Any CPU
		Release|Any CPU = Release|Any CPU
	EndGlobalSection
	GlobalSection(ProjectConfigurationPlatforms) = postSolution
		{F094A13D-8426-4641-B274-6674E02AE06B}.Debug|Any CPU.ActiveCfg = Debug|Any CPU
		{F094A13D-8426-4641-B274-6674E02AE06B}.Debug|Any CPU.Build.0 = Debug|Any CPU
		{F094A13D-8426-4641-B274-6674E02AE06B}.Release|Any CPU.ActiveCfg = Release|Any CPU
		{F094A13D-8426-4641-B274-6674E02AE06B}.Release|Any CPU.Build.0 = Release|Any CPU
		{9ADFAA0C-882A-456A-B95F-715B386CCB34}.Debug|Any CPU.ActiveCfg = Debug|Any CPU
		{9ADFAA0C-882A-456A-B95F-715B386CCB34}.Debug|Any CPU.Build.0 = Debug|Any CPU
		{9ADFAA0C-882A-456A-B95F-715B386CCB34}.Release|Any CPU.ActiveCfg = Release|Any CPU
		{9ADFAA0C-882A-456A-B95F-715B386CCB34}.Release|Any CPU.Build.0 = Release|Any CPU
	EndGlobalSection
	GlobalSection(SolutionProperties) = preSolution
		HideSolutionNode = FALSE
	EndGlobalSection
	GlobalSection(NestedProjects) = preSolution
		{62189ED2-1D1D-4DAA-82A1-9D16A3B03D81} = {02EA681E-C7D8-13C7-8484-4AC65E1B71E8}
		{F094A13D-8426-4641-B274-6674E02AE06B} = {62189ED2-1D1D-4DAA-82A1-9D16A3B03D81}
		{9ADFAA0C-882A-456A-B95F-715B386CCB34} = {FE2318D3-EC76-43FA-8A79-5FD1CD2702B9}
	EndGlobalSection
	GlobalSection(ExtensibilityGlobals) = postSolution
		SolutionGuid = {C1766D3E-BB78-406E-8E4A-3BEADC3F508D}
	EndGlobalSection
EndGlobal
